# THIS IS AN AUTOGENERATED FILE. DO NOT EDIT THIS FILE DIRECTLY.
# yarn lockfile v1


vuejs-datepicker@^1.6.2:
  version "1.6.2"
  resolved "https://registry.yarnpkg.com/vuejs-datepicker/-/vuejs-datepicker-1.6.2.tgz#83c1e8fd4108e7f1d01c061a7e344918f25e47ae"
  integrity sha512-PkC4vxzFBo7i6FSCUAJfnaWOx6VkKbOqxijSGHHlWxh8FIUKEZVtFychkonVWtK3iwWfhmYtqHcwsmgxefLpLQ==
